
Microsoft Visual Studio Solution File, Format Version 12.00
# Visual Studio Version 16
VisualStudioVersion = 16.0.29920.165
MinimumVisualStudioVersion = 10.0.40219.1
Project("{FAE04EC0-301F-11D3-BF4B-00C04F79EFBC}") = "Task1", "Task1\Task1.csproj", "{3F0672C6-7326-4600-967F-2CE8370D80CB}"
EndProject
Global
	GlobalSection(SolutionConfigurationPlatforms) = preSolution
		Debug|Any CPU = Debug|Any CPU
		Release|Any CPU = Release|Any CPU
	EndGlobalSection
	GlobalSection(ProjectConfigurationPlatforms) = postSolution
		{3F0672C6-7326-4600-967F-2CE8370D80CB}.Debug|Any CPU.ActiveCfg = Debug|Any CPU
		{3F0672C6-7326-4600-967F-2CE8370D80CB}.Debug|Any CPU.Build.0 = Debug|Any CPU
		{3F0672C6-7326-4600-967F-2CE8370D80CB}.Release|Any CPU.ActiveCfg = Release|Any CPU
		{3F0672C6-7326-4600-967F-2CE8370D80CB}.Release|Any CPU.Build.0 = Release|Any CPU
	EndGlobalSection
	GlobalSection(SolutionProperties) = preSolution
		HideSolutionNode = FALSE
	EndGlobalSection
	GlobalSection(ExtensibilityGlobals) = postSolution
		SolutionGuid = {73D29412-F5E0-41D1-9002-21BE6340C440}
	EndGlobalSection
EndGlobal
